<?xml version="1.0" encoding="utf-8"?>
<Project ToolsVersion="4.0" xmlns="http://schemas.microsoft.com/developer/msbuild/2003">
  <ItemGroup>
    <Filter Include="Base">
      <UniqueIdentifier>{60EC827C-4C23-840D-F50F-6A10E125000F}</UniqueIdentifier>
    </Filter>
    <Filter Include="Base\Event">
      <UniqueIdentifier>{B135A056-9DED-E1A3-06F5-BAFFF2CB7C94}</UniqueIdentifier>
    </Filter>
    <Filter Include="Base\Layer">
      <UniqueIdentifier>{2CB11357-1869-55A4-8170-2E006D47F094}</UniqueIdentifier>
    </Filter>
    <Filter Include="Base\Log">
      <UniqueIdentifier>{3134FDA2-1D01-58AE-461A-465632468D3C}</UniqueIdentifier>
    </Filter>
    <Filter Include="Base\Message">
      <UniqueIdentifier>{146BAEC0-00CE-3D65-A953-761B959509E8}</UniqueIdentifier>
    </Filter>
    <Filter Include="Mirage">
      <UniqueIdentifier>{9A7728C3-8619-5399-6FD4-66ED5B15DAE9}</UniqueIdentifier>
    </Filter>
    <Filter Include="Mirage\MirageCore">
      <UniqueIdentifier>{4704E3DE-B31A-E174-FC91-6C9668E7B1FC}</UniqueIdentifier>
    </Filter>
  </ItemGroup>
  <ItemGroup>
    <ClInclude Include="src\Pagoda\Base\Event\pgApplicationEvent.h">
      <Filter>Base\Event</Filter>
    </ClInclude>
    <ClInclude Include="src\Pagoda\Base\Event\pgEvent.h">
      <Filter>Base\Event</Filter>
    </ClInclude>
    <ClInclude Include="src\Pagoda\Base\Event\pgKeyEvent.h">
      <Filter>Base\Event</Filter>
    </ClInclude>
    <ClInclude Include="src\Pagoda\Base\Event\pgMouseEvent.h">
      <Filter>Base\Event</Filter>
    </ClInclude>
    <ClInclude Include="src\Pagoda\Base\Layer\pgLayer.h">
      <Filter>Base\Layer</Filter>
    </ClInclude>
    <ClInclude Include="src\Pagoda\Base\Layer\pgLayerStack.h">
      <Filter>Base\Layer</Filter>
    </ClInclude>
    <ClInclude Include="src\Pagoda\Base\Log\pgLog.h">
      <Filter>Base\Log</Filter>
    </ClInclude>
    <ClInclude Include="src\Pagoda\Base\Message\pgMessage.h">
      <Filter>Base\Message</Filter>
    </ClInclude>
    <ClInclude Include="src\Pagoda\Base\Message\pgMessageDispatcher.h">
      <Filter>Base\Message</Filter>
    </ClInclude>
    <ClInclude Include="src\Pagoda\EntryPoint.h" />
    <ClInclude Include="src\Pagoda\Mirage\MirageCore\pgWindow.h">
      <Filter>Mirage\MirageCore</Filter>
    </ClInclude>
    <ClInclude Include="src\Pagoda\Pagoda.h" />
    <ClInclude Include="src\Pagoda\pgApplication.h" />
    <ClInclude Include="src\Pagoda\pgCore.h" />
    <ClInclude Include="src\Pagoda\pgpch.h" />
  </ItemGroup>
  <ItemGroup>
    <ClCompile Include="src\Pagoda\Base\Layer\pgLayer.cpp">
      <Filter>Base\Layer</Filter>
    </ClCompile>
    <ClCompile Include="src\Pagoda\Base\Layer\pgLayerStack.cpp">
      <Filter>Base\Layer</Filter>
    </ClCompile>
    <ClCompile Include="src\Pagoda\Base\Log\pgLog.cpp">
      <Filter>Base\Log</Filter>
    </ClCompile>
    <ClCompile Include="src\Pagoda\pgApplication.cpp" />
    <ClCompile Include="src\Pagoda\pgpch.cpp" />
  </ItemGroup>
</Project>